<?xml version="1.0" encoding="utf-8"?>
<Project ToolsVersion="4.0" xmlns="http://schemas.microsoft.com/developer/msbuild/2003">
  <ItemGroup>
    <Filter Include="Source Files">
      <UniqueIdentifier>{4FC737F1-C7A5-4376-A066-2A32D752A2FF}</UniqueIdentifier>
      <Extensions>cpp;c;cc;cxx;def;odl;idl;hpj;bat;asm;asmx</Extensions>
    </Filter>
    <Filter Include="Header Files">
      <UniqueIdentifier>{93995380-89BD-4b04-88EB-625FBE52EBFB}</UniqueIdentifier>
      <Extensions>h;hh;hpp;hxx;hm;inl;inc;xsd</Extensions>
    </Filter>
    <Filter Include="Source Files\External">
      <UniqueIdentifier>{cef7f67a-60ad-4927-ae0d-15755a50ea03}</UniqueIdentifier>
    </Filter>
  </ItemGroup>
  <ItemGroup>
    <ClCompile Include="Source\testMain.cpp">
      <Filter>Source Files</Filter>
    </ClCompile>
    <ClCompile Include="Source\testPattern.cpp">
      <Filter>Source Files</Filter>
    </ClCompile>
    <ClCompile Include="..\Source\Document\PatternData_new.cpp">
      <Filter>Source Files\External</Filter>
    </ClCompile>
    <ClCompile Include="..\Source\Document\TrackData.cpp">
      <Filter>Source Files\External</Filter>
    </ClCompile>
    <ClCompile Include="..\Source\Document\PatternNote.cpp">
      <Filter>Source Files\External</Filter>
    </ClCompile>
  </ItemGroup>
  <ItemGroup>
    <ClInclude Include="Source\doctest.h">
      <Filter>Header Files</Filter>
    </ClInclude>
  </ItemGroup>
</Project>